# THIS IS AN AUTOGENERATED FILE. DO NOT EDIT THIS FILE DIRECTLY.
# yarn lockfile v1


"@remix-run/router@1.19.0":
  version "1.19.0"
  resolved "https://registry.yarnpkg.com/@remix-run/router/-/router-1.19.0.tgz#745dbffbce67f05386d57ca22c51dfd85c979593"
  integrity sha512-zDICCLKEwbVYTS6TjYaWtHXxkdoUvD/QXvyVZjGCsWz5vyH7aFeONlPffPdW+Y/t6KT0MgXb2Mfjun9YpWN1dA==

react-router-dom@^6.26.0:
  version "6.26.0"
  resolved "https://registry.yarnpkg.com/react-router-dom/-/react-router-dom-6.26.0.tgz#8debe13295c58605c04f93018d659a763245e58c"
  integrity sha512-RRGUIiDtLrkX3uYcFiCIxKFWMcWQGMojpYZfcstc63A1+sSnVgILGIm9gNUA6na3Fm1QuPGSBQH2EMbAZOnMsQ==
  dependencies:
    "@remix-run/router" "1.19.0"
    react-router "6.26.0"

react-router@6.26.0:
  version "6.26.0"
  resolved "https://registry.yarnpkg.com/react-router/-/react-router-6.26.0.tgz#d5af4c46835b202348ef2b7ddacd32a2db539fde"
  integrity sha512-wVQq0/iFYd3iZ9H2l3N3k4PL8EEHcb0XlU2Na8nEwmiXgIUElEH6gaJDtUQxJ+JFzmIXaQjfdpcGWaM6IoQGxg==
  dependencies:
    "@remix-run/router" "1.19.0"
